
Microsoft Visual Studio Solution File, Format Version 12.00
# Visual Studio Version 16
VisualStudioVersion = 16.0.30517.126
MinimumVisualStudioVersion = 10.0.40219.1
Project("{9A19103F-16F7-4668-BE54-9A1E7A4F7556}") = "BevCapital.Stocks.Domain", "src\BevCapital.Stocks.Domain\BevCapital.Stocks.Domain.csproj", "{F562F330-3C76-4A54-9DD4-C76298A60753}"
EndProject
Project("{9A19103F-16F7-4668-BE54-9A1E7A4F7556}") = "BevCapital.Stocks.Application", "src\BevCapital.Stocks.Application\BevCapital.Stocks.Application.csproj", "{1AFC5F7F-5643-4369-9E84-EC6273E01867}"
EndProject
Project("{9A19103F-16F7-4668-BE54-9A1E7A4F7556}") = "BevCapital.Stocks.Data", "src\BevCapital.Stocks.Data\BevCapital.Stocks.Data.csproj", "{3D572139-374A-4F3E-AA55-7C4FFB1C09AB}"
EndProject
Project("{9A19103F-16F7-4668-BE54-9A1E7A4F7556}") = "BevCapital.Stocks.Infra", "src\BevCapital.Stocks.Infra\BevCapital.Stocks.Infra.csproj", "{7C55E313-2DE3-4DB1-B15E-FF49E162D8A3}"
EndProject
Project("{9A19103F-16F7-4668-BE54-9A1E7A4F7556}") = "BevCapital.Stocks.API", "src\BevCapital.Stocks.API\BevCapital.Stocks.API.csproj", "{367E4100-BC6A-42CB-8886-D4B8DBE9F39A}"
EndProject
Project("{2150E333-8FDC-42A3-9474-1A3956D46DE8}") = "01-API", "01-API", "{3CDC6BD0-8A72-4AB6-BCDB-F7E17632C685}"
EndProject
Project("{2150E333-8FDC-42A3-9474-1A3956D46DE8}") = "02-Application", "02-Application", "{2686EAA9-B733-423D-B515-CC0CA41C2409}"
EndProject
Project("{2150E333-8FDC-42A3-9474-1A3956D46DE8}") = "03-Domain", "03-Domain", "{ECF176A7-5C54-4920-BA9F-6BF51808B354}"
EndProject
Project("{2150E333-8FDC-42A3-9474-1A3956D46DE8}") = "04-Infra", "04-Infra", "{D4282B97-3790-4917-9608-01CA65A5A525}"
EndProject
Project("{2150E333-8FDC-42A3-9474-1A3956D46DE8}") = "Tests", "Tests", "{2DEDCC54-0F9B-4287-AB4E-C39219A753EB}"
EndProject
Project("{9A19103F-16F7-4668-BE54-9A1E7A4F7556}") = "BevCapital.Stocks.Domain.Tests", "tests\BevCapital.Stocks.Domain.Tests\BevCapital.Stocks.Domain.Tests.csproj", "{956BE756-44FC-46A4-B7F2-C41FA19A8351}"
EndProject
Project("{9A19103F-16F7-4668-BE54-9A1E7A4F7556}") = "BevCapital.Stocks.Domain.Core", "src\BevCapital.Stocks.Domain.Core\BevCapital.Stocks.Domain.Core.csproj", "{8DB014E8-12BE-4220-853A-FD03C5A2EFE3}"
EndProject
Project("{FAE04EC0-301F-11D3-BF4B-00C04F79EFBC}") = "BevCapital.Stocks.Background", "src\BevCapital.Stocks.Background\BevCapital.Stocks.Background.csproj", "{53AE55E6-D5FF-4FB4-A994-0C916EDED7DB}"
EndProject
Global
	GlobalSection(SolutionConfigurationPlatforms) = preSolution
		Debug|Any CPU = Debug|Any CPU
		Release|Any CPU = Release|Any CPU
	EndGlobalSection
	GlobalSection(ProjectConfigurationPlatforms) = postSolution
		{F562F330-3C76-4A54-9DD4-C76298A60753}.Debug|Any CPU.ActiveCfg = Debug|Any CPU
		{F562F330-3C76-4A54-9DD4-C76298A60753}.Debug|Any CPU.Build.0 = Debug|Any CPU
		{F562F330-3C76-4A54-9DD4-C76298A60753}.Release|Any CPU.ActiveCfg = Release|Any CPU
		{F562F330-3C76-4A54-9DD4-C76298A60753}.Release|Any CPU.Build.0 = Release|Any CPU
		{1AFC5F7F-5643-4369-9E84-EC6273E01867}.Debug|Any CPU.ActiveCfg = Debug|Any CPU
		{1AFC5F7F-5643-4369-9E84-EC6273E01867}.Debug|Any CPU.Build.0 = Debug|Any CPU
		{1AFC5F7F-5643-4369-9E84-EC6273E01867}.Release|Any CPU.ActiveCfg = Release|Any CPU
		{1AFC5F7F-5643-4369-9E84-EC6273E01867}.Release|Any CPU.Build.0 = Release|Any CPU
		{3D572139-374A-4F3E-AA55-7C4FFB1C09AB}.Debug|Any CPU.ActiveCfg = Debug|Any CPU
		{3D572139-374A-4F3E-AA55-7C4FFB1C09AB}.Debug|Any CPU.Build.0 = Debug|Any CPU
		{3D572139-374A-4F3E-AA55-7C4FFB1C09AB}.Release|Any CPU.ActiveCfg = Release|Any CPU
		{3D572139-374A-4F3E-AA55-7C4FFB1C09AB}.Release|Any CPU.Build.0 = Release|Any CPU
		{7C55E313-2DE3-4DB1-B15E-FF49E162D8A3}.Debug|Any CPU.ActiveCfg = Debug|Any CPU
		{7C55E313-2DE3-4DB1-B15E-FF49E162D8A3}.Debug|Any CPU.Build.0 = Debug|Any CPU
		{7C55E313-2DE3-4DB1-B15E-FF49E162D8A3}.Release|Any CPU.ActiveCfg = Release|Any CPU
		{7C55E313-2DE3-4DB1-B15E-FF49E162D8A3}.Release|Any CPU.Build.0 = Release|Any CPU
		{367E4100-BC6A-42CB-8886-D4B8DBE9F39A}.Debug|Any CPU.ActiveCfg = Debug|Any CPU
		{367E4100-BC6A-42CB-8886-D4B8DBE9F39A}.Debug|Any CPU.Build.0 = Debug|Any CPU
		{367E4100-BC6A-42CB-8886-D4B8DBE9F39A}.Release|Any CPU.ActiveCfg = Release|Any CPU
		{367E4100-BC6A-42CB-8886-D4B8DBE9F39A}.Release|Any CPU.Build.0 = Release|Any CPU
		{956BE756-44FC-46A4-B7F2-C41FA19A8351}.Debug|Any CPU.ActiveCfg = Debug|Any CPU
		{956BE756-44FC-46A4-B7F2-C41FA19A8351}.Debug|Any CPU.Build.0 = Debug|Any CPU
		{956BE756-44FC-46A4-B7F2-C41FA19A8351}.Release|Any CPU.ActiveCfg = Release|Any CPU
		{956BE756-44FC-46A4-B7F2-C41FA19A8351}.Release|Any CPU.Build.0 = Release|Any CPU
		{8DB014E8-12BE-4220-853A-FD03C5A2EFE3}.Debug|Any CPU.ActiveCfg = Debug|Any CPU
		{8DB014E8-12BE-4220-853A-FD03C5A2EFE3}.Debug|Any CPU.Build.0 = Debug|Any CPU
		{8DB014E8-12BE-4220-853A-FD03C5A2EFE3}.Release|Any CPU.ActiveCfg = Release|Any CPU
		{8DB014E8-12BE-4220-853A-FD03C5A2EFE3}.Release|Any CPU.Build.0 = Release|Any CPU
		{53AE55E6-D5FF-4FB4-A994-0C916EDED7DB}.Debug|Any CPU.ActiveCfg = Debug|Any CPU
		{53AE55E6-D5FF-4FB4-A994-0C916EDED7DB}.Debug|Any CPU.Build.0 = Debug|Any CPU
		{53AE55E6-D5FF-4FB4-A994-0C916EDED7DB}.Release|Any CPU.ActiveCfg = Release|Any CPU
		{53AE55E6-D5FF-4FB4-A994-0C916EDED7DB}.Release|Any CPU.Build.0 = Release|Any CPU
	EndGlobalSection
	GlobalSection(SolutionProperties) = preSolution
		HideSolutionNode = FALSE
	EndGlobalSection
	GlobalSection(NestedProjects) = preSolution
		{F562F330-3C76-4A54-9DD4-C76298A60753} = {ECF176A7-5C54-4920-BA9F-6BF51808B354}
		{1AFC5F7F-5643-4369-9E84-EC6273E01867} = {2686EAA9-B733-423D-B515-CC0CA41C2409}
		{3D572139-374A-4F3E-AA55-7C4FFB1C09AB} = {D4282B97-3790-4917-9608-01CA65A5A525}
		{7C55E313-2DE3-4DB1-B15E-FF49E162D8A3} = {D4282B97-3790-4917-9608-01CA65A5A525}
		{367E4100-BC6A-42CB-8886-D4B8DBE9F39A} = {3CDC6BD0-8A72-4AB6-BCDB-F7E17632C685}
		{956BE756-44FC-46A4-B7F2-C41FA19A8351} = {2DEDCC54-0F9B-4287-AB4E-C39219A753EB}
		{8DB014E8-12BE-4220-853A-FD03C5A2EFE3} = {ECF176A7-5C54-4920-BA9F-6BF51808B354}
		{53AE55E6-D5FF-4FB4-A994-0C916EDED7DB} = {D4282B97-3790-4917-9608-01CA65A5A525}
	EndGlobalSection
	GlobalSection(ExtensibilityGlobals) = postSolution
		SolutionGuid = {22EEC33C-9276-44B0-A71D-DB1ADB4A61E6}
	EndGlobalSection
EndGlobal
